
Microsoft Visual Studio Solution File, Format Version 12.00
# Visual Studio 15
VisualStudioVersion = 15.0.26124.0
MinimumVisualStudioVersion = 15.0.26124.0
Project("{2150E333-8FDC-42A3-9474-1A3956D46DE8}") = "Applications", "Applications", "{61F0A7C3-5DE2-4C07-AF32-C9BAE2560760}"
EndProject
Project("{FAE04EC0-301F-11D3-BF4B-00C04F79EFBC}") = "AllocationsServer", "Applications\AllocationsServer\AllocationsServer.csproj", "{115E2983-51A0-4722-BA01-75223ACC33F8}"
EndProject
Project("{FAE04EC0-301F-11D3-BF4B-00C04F79EFBC}") = "BacklogServer", "Applications\BacklogServer\BacklogServer.csproj", "{272B1BD8-3773-4057-B816-DEFA1E5EEB0D}"
EndProject
Project("{FAE04EC0-301F-11D3-BF4B-00C04F79EFBC}") = "RegistrationServer", "Applications\RegistrationServer\RegistrationServer.csproj", "{8FAA6DAC-821D-4F18-A90C-4BE64E61E3B9}"
EndProject
Project("{FAE04EC0-301F-11D3-BF4B-00C04F79EFBC}") = "TimesheetsServer", "Applications\TimesheetsServer\TimesheetsServer.csproj", "{22FCEDE6-6A8C-42BF-8475-9A2087A13B2E}"
EndProject
Project("{2150E333-8FDC-42A3-9474-1A3956D46DE8}") = "Components", "Components", "{E5C501FF-2D6C-4F16-8C68-481B81335AC5}"
EndProject
Project("{FAE04EC0-301F-11D3-BF4B-00C04F79EFBC}") = "Accounts", "Components\Accounts\Accounts.csproj", "{9779A47A-8012-48BC-A243-EA67EAD22564}"
EndProject
Project("{FAE04EC0-301F-11D3-BF4B-00C04F79EFBC}") = "AccountsTest", "Components\AccountsTest\AccountsTest.csproj", "{FA3DF435-CD0C-430A-83BC-DA495140A8F6}"
EndProject
Project("{FAE04EC0-301F-11D3-BF4B-00C04F79EFBC}") = "Allocations", "Components\Allocations\Allocations.csproj", "{8C807867-2F10-494D-8564-1C2F91784D3F}"
EndProject
Project("{FAE04EC0-301F-11D3-BF4B-00C04F79EFBC}") = "AllocationsTest", "Components\AllocationsTest\AllocationsTest.csproj", "{176CA734-BEC2-47E2-94A3-C496F340A301}"
EndProject
Project("{FAE04EC0-301F-11D3-BF4B-00C04F79EFBC}") = "Backlog", "Components\Backlog\Backlog.csproj", "{F3EF758B-B52F-49C2-919C-3BEF880B3756}"
EndProject
Project("{FAE04EC0-301F-11D3-BF4B-00C04F79EFBC}") = "BacklogTest", "Components\BacklogTest\BacklogTest.csproj", "{CFB30C9F-ED56-461C-BC66-B177AF421FB5}"
EndProject
Project("{FAE04EC0-301F-11D3-BF4B-00C04F79EFBC}") = "Projects", "Components\Projects\Projects.csproj", "{C21D14D5-FA64-4A22-9A3F-586CAFE254A5}"
EndProject
Project("{FAE04EC0-301F-11D3-BF4B-00C04F79EFBC}") = "ProjectsTest", "Components\ProjectsTest\ProjectsTest.csproj", "{73A7B8A6-394C-43D2-A0B8-7A67546253B3}"
EndProject
Project("{FAE04EC0-301F-11D3-BF4B-00C04F79EFBC}") = "TestSupport", "Components\TestSupport\TestSupport.csproj", "{7B9DFA7F-C927-4C34-BA47-5461508949B8}"
EndProject
Project("{FAE04EC0-301F-11D3-BF4B-00C04F79EFBC}") = "Timesheets", "Components\Timesheets\Timesheets.csproj", "{940184A9-4AC9-4A10-964E-CD71E69F865D}"
EndProject
Project("{FAE04EC0-301F-11D3-BF4B-00C04F79EFBC}") = "TimesheetsTest", "Components\TimesheetsTest\TimesheetsTest.csproj", "{F9AD5A42-6B97-4784-9207-E278AF7535CE}"
EndProject
Project("{FAE04EC0-301F-11D3-BF4B-00C04F79EFBC}") = "Users", "Components\Users\Users.csproj", "{2CF35EC0-54A4-48FD-AF49-46A841EA9F15}"
EndProject
Project("{FAE04EC0-301F-11D3-BF4B-00C04F79EFBC}") = "UsersTest", "Components\UsersTest\UsersTest.csproj", "{3251E09D-4C88-4489-9A0F-2FCE8011820A}"
EndProject
Project("{FAE04EC0-301F-11D3-BF4B-00C04F79EFBC}") = "DefaultRoute", "Components\DefaultRoute\DefaultRoute.csproj", "{4227E6F1-9913-4A2A-AC0E-2A975445086E}"
EndProject
Project("{FAE04EC0-301F-11D3-BF4B-00C04F79EFBC}") = "IntegrationTest", "IntegrationTest\IntegrationTest.csproj", "{5D1F334E-943C-4162-845F-81D960056748}"
EndProject
Global
	GlobalSection(SolutionConfigurationPlatforms) = preSolution
		Debug|Any CPU = Debug|Any CPU
		Debug|x64 = Debug|x64
		Debug|x86 = Debug|x86
		Release|Any CPU = Release|Any CPU
		Release|x64 = Release|x64
		Release|x86 = Release|x86
	EndGlobalSection
	GlobalSection(SolutionProperties) = preSolution
		HideSolutionNode = FALSE
	EndGlobalSection
	GlobalSection(ProjectConfigurationPlatforms) = postSolution
		{115E2983-51A0-4722-BA01-75223ACC33F8}.Debug|Any CPU.ActiveCfg = Debug|Any CPU
		{115E2983-51A0-4722-BA01-75223ACC33F8}.Debug|Any CPU.Build.0 = Debug|Any CPU
		{115E2983-51A0-4722-BA01-75223ACC33F8}.Debug|x64.ActiveCfg = Debug|x64
		{115E2983-51A0-4722-BA01-75223ACC33F8}.Debug|x64.Build.0 = Debug|x64
		{115E2983-51A0-4722-BA01-75223ACC33F8}.Debug|x86.ActiveCfg = Debug|x86
		{115E2983-51A0-4722-BA01-75223ACC33F8}.Debug|x86.Build.0 = Debug|x86
		{115E2983-51A0-4722-BA01-75223ACC33F8}.Release|Any CPU.ActiveCfg = Release|Any CPU
		{115E2983-51A0-4722-BA01-75223ACC33F8}.Release|Any CPU.Build.0 = Release|Any CPU
		{115E2983-51A0-4722-BA01-75223ACC33F8}.Release|x64.ActiveCfg = Release|x64
		{115E2983-51A0-4722-BA01-75223ACC33F8}.Release|x64.Build.0 = Release|x64
		{115E2983-51A0-4722-BA01-75223ACC33F8}.Release|x86.ActiveCfg = Release|x86
		{115E2983-51A0-4722-BA01-75223ACC33F8}.Release|x86.Build.0 = Release|x86
		{272B1BD8-3773-4057-B816-DEFA1E5EEB0D}.Debug|Any CPU.ActiveCfg = Debug|Any CPU
		{272B1BD8-3773-4057-B816-DEFA1E5EEB0D}.Debug|Any CPU.Build.0 = Debug|Any CPU
		{272B1BD8-3773-4057-B816-DEFA1E5EEB0D}.Debug|x64.ActiveCfg = Debug|x64
		{272B1BD8-3773-4057-B816-DEFA1E5EEB0D}.Debug|x64.Build.0 = Debug|x64
		{272B1BD8-3773-4057-B816-DEFA1E5EEB0D}.Debug|x86.ActiveCfg = Debug|x86
		{272B1BD8-3773-4057-B816-DEFA1E5EEB0D}.Debug|x86.Build.0 = Debug|x86
		{272B1BD8-3773-4057-B816-DEFA1E5EEB0D}.Release|Any CPU.ActiveCfg = Release|Any CPU
		{272B1BD8-3773-4057-B816-DEFA1E5EEB0D}.Release|Any CPU.Build.0 = Release|Any CPU
		{272B1BD8-3773-4057-B816-DEFA1E5EEB0D}.Release|x64.ActiveCfg = Release|x64
		{272B1BD8-3773-4057-B816-DEFA1E5EEB0D}.Release|x64.Build.0 = Release|x64
		{272B1BD8-3773-4057-B816-DEFA1E5EEB0D}.Release|x86.ActiveCfg = Release|x86
		{272B1BD8-3773-4057-B816-DEFA1E5EEB0D}.Release|x86.Build.0 = Release|x86
		{8FAA6DAC-821D-4F18-A90C-4BE64E61E3B9}.Debug|Any CPU.ActiveCfg = Debug|Any CPU
		{8FAA6DAC-821D-4F18-A90C-4BE64E61E3B9}.Debug|Any CPU.Build.0 = Debug|Any CPU
		{8FAA6DAC-821D-4F18-A90C-4BE64E61E3B9}.Debug|x64.ActiveCfg = Debug|x64
		{8FAA6DAC-821D-4F18-A90C-4BE64E61E3B9}.Debug|x64.Build.0 = Debug|x64
		{8FAA6DAC-821D-4F18-A90C-4BE64E61E3B9}.Debug|x86.ActiveCfg = Debug|x86
		{8FAA6DAC-821D-4F18-A90C-4BE64E61E3B9}.Debug|x86.Build.0 = Debug|x86
		{8FAA6DAC-821D-4F18-A90C-4BE64E61E3B9}.Release|Any CPU.ActiveCfg = Release|Any CPU
		{8FAA6DAC-821D-4F18-A90C-4BE64E61E3B9}.Release|Any CPU.Build.0 = Release|Any CPU
		{8FAA6DAC-821D-4F18-A90C-4BE64E61E3B9}.Release|x64.ActiveCfg = Release|x64
		{8FAA6DAC-821D-4F18-A90C-4BE64E61E3B9}.Release|x64.Build.0 = Release|x64
		{8FAA6DAC-821D-4F18-A90C-4BE64E61E3B9}.Release|x86.ActiveCfg = Release|x86
		{8FAA6DAC-821D-4F18-A90C-4BE64E61E3B9}.Release|x86.Build.0 = Release|x86
		{22FCEDE6-6A8C-42BF-8475-9A2087A13B2E}.Debug|Any CPU.ActiveCfg = Debug|Any CPU
		{22FCEDE6-6A8C-42BF-8475-9A2087A13B2E}.Debug|Any CPU.Build.0 = Debug|Any CPU
		{22FCEDE6-6A8C-42BF-8475-9A2087A13B2E}.Debug|x64.ActiveCfg = Debug|x64
		{22FCEDE6-6A8C-42BF-8475-9A2087A13B2E}.Debug|x64.Build.0 = Debug|x64
		{22FCEDE6-6A8C-42BF-8475-9A2087A13B2E}.Debug|x86.ActiveCfg = Debug|x86
		{22FCEDE6-6A8C-42BF-8475-9A2087A13B2E}.Debug|x86.Build.0 = Debug|x86
		{22FCEDE6-6A8C-42BF-8475-9A2087A13B2E}.Release|Any CPU.ActiveCfg = Release|Any CPU
		{22FCEDE6-6A8C-42BF-8475-9A2087A13B2E}.Release|Any CPU.Build.0 = Release|Any CPU
		{22FCEDE6-6A8C-42BF-8475-9A2087A13B2E}.Release|x64.ActiveCfg = Release|x64
		{22FCEDE6-6A8C-42BF-8475-9A2087A13B2E}.Release|x64.Build.0 = Release|x64
		{22FCEDE6-6A8C-42BF-8475-9A2087A13B2E}.Release|x86.ActiveCfg = Release|x86
		{22FCEDE6-6A8C-42BF-8475-9A2087A13B2E}.Release|x86.Build.0 = Release|x86
		{9779A47A-8012-48BC-A243-EA67EAD22564}.Debug|Any CPU.ActiveCfg = Debug|Any CPU
		{9779A47A-8012-48BC-A243-EA67EAD22564}.Debug|Any CPU.Build.0 = Debug|Any CPU
		{9779A47A-8012-48BC-A243-EA67EAD22564}.Debug|x64.ActiveCfg = Debug|x64
		{9779A47A-8012-48BC-A243-EA67EAD22564}.Debug|x64.Build.0 = Debug|x64
		{9779A47A-8012-48BC-A243-EA67EAD22564}.Debug|x86.ActiveCfg = Debug|x86
		{9779A47A-8012-48BC-A243-EA67EAD22564}.Debug|x86.Build.0 = Debug|x86
		{9779A47A-8012-48BC-A243-EA67EAD22564}.Release|Any CPU.ActiveCfg = Release|Any CPU
		{9779A47A-8012-48BC-A243-EA67EAD22564}.Release|Any CPU.Build.0 = Release|Any CPU
		{9779A47A-8012-48BC-A243-EA67EAD22564}.Release|x64.ActiveCfg = Release|x64
		{9779A47A-8012-48BC-A243-EA67EAD22564}.Release|x64.Build.0 = Release|x64
		{9779A47A-8012-48BC-A243-EA67EAD22564}.Release|x86.ActiveCfg = Release|x86
		{9779A47A-8012-48BC-A243-EA67EAD22564}.Release|x86.Build.0 = Release|x86
		{FA3DF435-CD0C-430A-83BC-DA495140A8F6}.Debug|Any CPU.ActiveCfg = Debug|Any CPU
		{FA3DF435-CD0C-430A-83BC-DA495140A8F6}.Debug|Any CPU.Build.0 = Debug|Any CPU
		{FA3DF435-CD0C-430A-83BC-DA495140A8F6}.Debug|x64.ActiveCfg = Debug|x64
		{FA3DF435-CD0C-430A-83BC-DA495140A8F6}.Debug|x64.Build.0 = Debug|x64
		{FA3DF435-CD0C-430A-83BC-DA495140A8F6}.Debug|x86.ActiveCfg = Debug|x86
		{FA3DF435-CD0C-430A-83BC-DA495140A8F6}.Debug|x86.Build.0 = Debug|x86
		{FA3DF435-CD0C-430A-83BC-DA495140A8F6}.Release|Any CPU.ActiveCfg = Release|Any CPU
		{FA3DF435-CD0C-430A-83BC-DA495140A8F6}.Release|Any CPU.Build.0 = Release|Any CPU
		{FA3DF435-CD0C-430A-83BC-DA495140A8F6}.Release|x64.ActiveCfg = Release|x64
		{FA3DF435-CD0C-430A-83BC-DA495140A8F6}.Release|x64.Build.0 = Release|x64
		{FA3DF435-CD0C-430A-83BC-DA495140A8F6}.Release|x86.ActiveCfg = Release|x86
		{FA3DF435-CD0C-430A-83BC-DA495140A8F6}.Release|x86.Build.0 = Release|x86
		{8C807867-2F10-494D-8564-1C2F91784D3F}.Debug|Any CPU.ActiveCfg = Debug|Any CPU
		{8C807867-2F10-494D-8564-1C2F91784D3F}.Debug|Any CPU.Build.0 = Debug|Any CPU
		{8C807867-2F10-494D-8564-1C2F91784D3F}.Debug|x64.ActiveCfg = Debug|x64
		{8C807867-2F10-494D-8564-1C2F91784D3F}.Debug|x64.Build.0 = Debug|x64
		{8C807867-2F10-494D-8564-1C2F91784D3F}.Debug|x86.ActiveCfg = Debug|x86
		{8C807867-2F10-494D-8564-1C2F91784D3F}.Debug|x86.Build.0 = Debug|x86
		{8C807867-2F10-494D-8564-1C2F91784D3F}.Release|Any CPU.ActiveCfg = Release|Any CPU
		{8C807867-2F10-494D-8564-1C2F91784D3F}.Release|Any CPU.Build.0 = Release|Any CPU
		{8C807867-2F10-494D-8564-1C2F91784D3F}.Release|x64.ActiveCfg = Release|x64
		{8C807867-2F10-494D-8564-1C2F91784D3F}.Release|x64.Build.0 = Release|x64
		{8C807867-2F10-494D-8564-1C2F91784D3F}.Release|x86.ActiveCfg = Release|x86
		{8C807867-2F10-494D-8564-1C2F91784D3F}.Release|x86.Build.0 = Release|x86
		{176CA734-BEC2-47E2-94A3-C496F340A301}.Debug|Any CPU.ActiveCfg = Debug|Any CPU
		{176CA734-BEC2-47E2-94A3-C496F340A301}.Debug|Any CPU.Build.0 = Debug|Any CPU
		{176CA734-BEC2-47E2-94A3-C496F340A301}.Debug|x64.ActiveCfg = Debug|x64
		{176CA734-BEC2-47E2-94A3-C496F340A301}.Debug|x64.Build.0 = Debug|x64
		{176CA734-BEC2-47E2-94A3-C496F340A301}.Debug|x86.ActiveCfg = Debug|x86
		{176CA734-BEC2-47E2-94A3-C496F340A301}.Debug|x86.Build.0 = Debug|x86
		{176CA734-BEC2-47E2-94A3-C496F340A301}.Release|Any CPU.ActiveCfg = Release|Any CPU
		{176CA734-BEC2-47E2-94A3-C496F340A301}.Release|Any CPU.Build.0 = Release|Any CPU
		{176CA734-BEC2-47E2-94A3-C496F340A301}.Release|x64.ActiveCfg = Release|x64
		{176CA734-BEC2-47E2-94A3-C496F340A301}.Release|x64.Build.0 = Release|x64
		{176CA734-BEC2-47E2-94A3-C496F340A301}.Release|x86.ActiveCfg = Release|x86
		{176CA734-BEC2-47E2-94A3-C496F340A301}.Release|x86.Build.0 = Release|x86
		{F3EF758B-B52F-49C2-919C-3BEF880B3756}.Debug|Any CPU.ActiveCfg = Debug|Any CPU
		{F3EF758B-B52F-49C2-919C-3BEF880B3756}.Debug|Any CPU.Build.0 = Debug|Any CPU
		{F3EF758B-B52F-49C2-919C-3BEF880B3756}.Debug|x64.ActiveCfg = Debug|x64
		{F3EF758B-B52F-49C2-919C-3BEF880B3756}.Debug|x64.Build.0 = Debug|x64
		{F3EF758B-B52F-49C2-919C-3BEF880B3756}.Debug|x86.ActiveCfg = Debug|x86
		{F3EF758B-B52F-49C2-919C-3BEF880B3756}.Debug|x86.Build.0 = Debug|x86
		{F3EF758B-B52F-49C2-919C-3BEF880B3756}.Release|Any CPU.ActiveCfg = Release|Any CPU
		{F3EF758B-B52F-49C2-919C-3BEF880B3756}.Release|Any CPU.Build.0 = Release|Any CPU
		{F3EF758B-B52F-49C2-919C-3BEF880B3756}.Release|x64.ActiveCfg = Release|x64
		{F3EF758B-B52F-49C2-919C-3BEF880B3756}.Release|x64.Build.0 = Release|x64
		{F3EF758B-B52F-49C2-919C-3BEF880B3756}.Release|x86.ActiveCfg = Release|x86
		{F3EF758B-B52F-49C2-919C-3BEF880B3756}.Release|x86.Build.0 = Release|x86
		{CFB30C9F-ED56-461C-BC66-B177AF421FB5}.Debug|Any CPU.ActiveCfg = Debug|Any CPU
		{CFB30C9F-ED56-461C-BC66-B177AF421FB5}.Debug|Any CPU.Build.0 = Debug|Any CPU
		{CFB30C9F-ED56-461C-BC66-B177AF421FB5}.Debug|x64.ActiveCfg = Debug|x64
		{CFB30C9F-ED56-461C-BC66-B177AF421FB5}.Debug|x64.Build.0 = Debug|x64
		{CFB30C9F-ED56-461C-BC66-B177AF421FB5}.Debug|x86.ActiveCfg = Debug|x86
		{CFB30C9F-ED56-461C-BC66-B177AF421FB5}.Debug|x86.Build.0 = Debug|x86
		{CFB30C9F-ED56-461C-BC66-B177AF421FB5}.Release|Any CPU.ActiveCfg = Release|Any CPU
		{CFB30C9F-ED56-461C-BC66-B177AF421FB5}.Release|Any CPU.Build.0 = Release|Any CPU
		{CFB30C9F-ED56-461C-BC66-B177AF421FB5}.Release|x64.ActiveCfg = Release|x64
		{CFB30C9F-ED56-461C-BC66-B177AF421FB5}.Release|x64.Build.0 = Release|x64
		{CFB30C9F-ED56-461C-BC66-B177AF421FB5}.Release|x86.ActiveCfg = Release|x86
		{CFB30C9F-ED56-461C-BC66-B177AF421FB5}.Release|x86.Build.0 = Release|x86
		{C21D14D5-FA64-4A22-9A3F-586CAFE254A5}.Debug|Any CPU.ActiveCfg = Debug|Any CPU
		{C21D14D5-FA64-4A22-9A3F-586CAFE254A5}.Debug|Any CPU.Build.0 = Debug|Any CPU
		{C21D14D5-FA64-4A22-9A3F-586CAFE254A5}.Debug|x64.ActiveCfg = Debug|x64
		{C21D14D5-FA64-4A22-9A3F-586CAFE254A5}.Debug|x64.Build.0 = Debug|x64
		{C21D14D5-FA64-4A22-9A3F-586CAFE254A5}.Debug|x86.ActiveCfg = Debug|x86
		{C21D14D5-FA64-4A22-9A3F-586CAFE254A5}.Debug|x86.Build.0 = Debug|x86
		{C21D14D5-FA64-4A22-9A3F-586CAFE254A5}.Release|Any CPU.ActiveCfg = Release|Any CPU
		{C21D14D5-FA64-4A22-9A3F-586CAFE254A5}.Release|Any CPU.Build.0 = Release|Any CPU
		{C21D14D5-FA64-4A22-9A3F-586CAFE254A5}.Release|x64.ActiveCfg = Release|x64
		{C21D14D5-FA64-4A22-9A3F-586CAFE254A5}.Release|x64.Build.0 = Release|x64
		{C21D14D5-FA64-4A22-9A3F-586CAFE254A5}.Release|x86.ActiveCfg = Release|x86
		{C21D14D5-FA64-4A22-9A3F-586CAFE254A5}.Release|x86.Build.0 = Release|x86
		{73A7B8A6-394C-43D2-A0B8-7A67546253B3}.Debug|Any CPU.ActiveCfg = Debug|Any CPU
		{73A7B8A6-394C-43D2-A0B8-7A67546253B3}.Debug|Any CPU.Build.0 = Debug|Any CPU
		{73A7B8A6-394C-43D2-A0B8-7A67546253B3}.Debug|x64.ActiveCfg = Debug|x64
		{73A7B8A6-394C-43D2-A0B8-7A67546253B3}.Debug|x64.Build.0 = Debug|x64
		{73A7B8A6-394C-43D2-A0B8-7A67546253B3}.Debug|x86.ActiveCfg = Debug|x86
		{73A7B8A6-394C-43D2-A0B8-7A67546253B3}.Debug|x86.Build.0 = Debug|x86
		{73A7B8A6-394C-43D2-A0B8-7A67546253B3}.Release|Any CPU.ActiveCfg = Release|Any CPU
		{73A7B8A6-394C-43D2-A0B8-7A67546253B3}.Release|Any CPU.Build.0 = Release|Any CPU
		{73A7B8A6-394C-43D2-A0B8-7A67546253B3}.Release|x64.ActiveCfg = Release|x64
		{73A7B8A6-394C-43D2-A0B8-7A67546253B3}.Release|x64.Build.0 = Release|x64
		{73A7B8A6-394C-43D2-A0B8-7A67546253B3}.Release|x86.ActiveCfg = Release|x86
		{73A7B8A6-394C-43D2-A0B8-7A67546253B3}.Release|x86.Build.0 = Release|x86
		{7B9DFA7F-C927-4C34-BA47-5461508949B8}.Debug|Any CPU.ActiveCfg = Debug|Any CPU
		{7B9DFA7F-C927-4C34-BA47-5461508949B8}.Debug|Any CPU.Build.0 = Debug|Any CPU
		{7B9DFA7F-C927-4C34-BA47-5461508949B8}.Debug|x64.ActiveCfg = Debug|x64
		{7B9DFA7F-C927-4C34-BA47-5461508949B8}.Debug|x64.Build.0 = Debug|x64
		{7B9DFA7F-C927-4C34-BA47-5461508949B8}.Debug|x86.ActiveCfg = Debug|x86
		{7B9DFA7F-C927-4C34-BA47-5461508949B8}.Debug|x86.Build.0 = Debug|x86
		{7B9DFA7F-C927-4C34-BA47-5461508949B8}.Release|Any CPU.ActiveCfg = Release|Any CPU
		{7B9DFA7F-C927-4C34-BA47-5461508949B8}.Release|Any CPU.Build.0 = Release|Any CPU
		{7B9DFA7F-C927-4C34-BA47-5461508949B8}.Release|x64.ActiveCfg = Release|x64
		{7B9DFA7F-C927-4C34-BA47-5461508949B8}.Release|x64.Build.0 = Release|x64
		{7B9DFA7F-C927-4C34-BA47-5461508949B8}.Release|x86.ActiveCfg = Release|x86
		{7B9DFA7F-C927-4C34-BA47-5461508949B8}.Release|x86.Build.0 = Release|x86
		{940184A9-4AC9-4A10-964E-CD71E69F865D}.Debug|Any CPU.ActiveCfg = Debug|Any CPU
		{940184A9-4AC9-4A10-964E-CD71E69F865D}.Debug|Any CPU.Build.0 = Debug|Any CPU
		{940184A9-4AC9-4A10-964E-CD71E69F865D}.Debug|x64.ActiveCfg = Debug|x64
		{940184A9-4AC9-4A10-964E-CD71E69F865D}.Debug|x64.Build.0 = Debug|x64
		{940184A9-4AC9-4A10-964E-CD71E69F865D}.Debug|x86.ActiveCfg = Debug|x86
		{940184A9-4AC9-4A10-964E-CD71E69F865D}.Debug|x86.Build.0 = Debug|x86
		{940184A9-4AC9-4A10-964E-CD71E69F865D}.Release|Any CPU.ActiveCfg = Release|Any CPU
		{940184A9-4AC9-4A10-964E-CD71E69F865D}.Release|Any CPU.Build.0 = Release|Any CPU
		{940184A9-4AC9-4A10-964E-CD71E69F865D}.Release|x64.ActiveCfg = Release|x64
		{940184A9-4AC9-4A10-964E-CD71E69F865D}.Release|x64.Build.0 = Release|x64
		{940184A9-4AC9-4A10-964E-CD71E69F865D}.Release|x86.ActiveCfg = Release|x86
		{940184A9-4AC9-4A10-964E-CD71E69F865D}.Release|x86.Build.0 = Release|x86
		{F9AD5A42-6B97-4784-9207-E278AF7535CE}.Debug|Any CPU.ActiveCfg = Debug|Any CPU
		{F9AD5A42-6B97-4784-9207-E278AF7535CE}.Debug|Any CPU.Build.0 = Debug|Any CPU
		{F9AD5A42-6B97-4784-9207-E278AF7535CE}.Debug|x64.ActiveCfg = Debug|x64
		{F9AD5A42-6B97-4784-9207-E278AF7535CE}.Debug|x64.Build.0 = Debug|x64
		{F9AD5A42-6B97-4784-9207-E278AF7535CE}.Debug|x86.ActiveCfg = Debug|x86
		{F9AD5A42-6B97-4784-9207-E278AF7535CE}.Debug|x86.Build.0 = Debug|x86
		{F9AD5A42-6B97-4784-9207-E278AF7535CE}.Release|Any CPU.ActiveCfg = Release|Any CPU
		{F9AD5A42-6B97-4784-9207-E278AF7535CE}.Release|Any CPU.Build.0 = Release|Any CPU
		{F9AD5A42-6B97-4784-9207-E278AF7535CE}.Release|x64.ActiveCfg = Release|x64
		{F9AD5A42-6B97-4784-9207-E278AF7535CE}.Release|x64.Build.0 = Release|x64
		{F9AD5A42-6B97-4784-9207-E278AF7535CE}.Release|x86.ActiveCfg = Release|x86
		{F9AD5A42-6B97-4784-9207-E278AF7535CE}.Release|x86.Build.0 = Release|x86
		{2CF35EC0-54A4-48FD-AF49-46A841EA9F15}.Debug|Any CPU.ActiveCfg = Debug|Any CPU
		{2CF35EC0-54A4-48FD-AF49-46A841EA9F15}.Debug|Any CPU.Build.0 = Debug|Any CPU
		{2CF35EC0-54A4-48FD-AF49-46A841EA9F15}.Debug|x64.ActiveCfg = Debug|x64
		{2CF35EC0-54A4-48FD-AF49-46A841EA9F15}.Debug|x64.Build.0 = Debug|x64
		{2CF35EC0-54A4-48FD-AF49-46A841EA9F15}.Debug|x86.ActiveCfg = Debug|x86
		{2CF35EC0-54A4-48FD-AF49-46A841EA9F15}.Debug|x86.Build.0 = Debug|x86
		{2CF35EC0-54A4-48FD-AF49-46A841EA9F15}.Release|Any CPU.ActiveCfg = Release|Any CPU
		{2CF35EC0-54A4-48FD-AF49-46A841EA9F15}.Release|Any CPU.Build.0 = Release|Any CPU
		{2CF35EC0-54A4-48FD-AF49-46A841EA9F15}.Release|x64.ActiveCfg = Release|x64
		{2CF35EC0-54A4-48FD-AF49-46A841EA9F15}.Release|x64.Build.0 = Release|x64
		{2CF35EC0-54A4-48FD-AF49-46A841EA9F15}.Release|x86.ActiveCfg = Release|x86
		{2CF35EC0-54A4-48FD-AF49-46A841EA9F15}.Release|x86.Build.0 = Release|x86
		{3251E09D-4C88-4489-9A0F-2FCE8011820A}.Debug|Any CPU.ActiveCfg = Debug|Any CPU
		{3251E09D-4C88-4489-9A0F-2FCE8011820A}.Debug|Any CPU.Build.0 = Debug|Any CPU
		{3251E09D-4C88-4489-9A0F-2FCE8011820A}.Debug|x64.ActiveCfg = Debug|x64
		{3251E09D-4C88-4489-9A0F-2FCE8011820A}.Debug|x64.Build.0 = Debug|x64
		{3251E09D-4C88-4489-9A0F-2FCE8011820A}.Debug|x86.ActiveCfg = Debug|x86
		{3251E09D-4C88-4489-9A0F-2FCE8011820A}.Debug|x86.Build.0 = Debug|x86
		{3251E09D-4C88-4489-9A0F-2FCE8011820A}.Release|Any CPU.ActiveCfg = Release|Any CPU
		{3251E09D-4C88-4489-9A0F-2FCE8011820A}.Release|Any CPU.Build.0 = Release|Any CPU
		{3251E09D-4C88-4489-9A0F-2FCE8011820A}.Release|x64.ActiveCfg = Release|x64
		{3251E09D-4C88-4489-9A0F-2FCE8011820A}.Release|x64.Build.0 = Release|x64
		{3251E09D-4C88-4489-9A0F-2FCE8011820A}.Release|x86.ActiveCfg = Release|x86
		{3251E09D-4C88-4489-9A0F-2FCE8011820A}.Release|x86.Build.0 = Release|x86
		{4227E6F1-9913-4A2A-AC0E-2A975445086E}.Debug|Any CPU.ActiveCfg = Debug|Any CPU
		{4227E6F1-9913-4A2A-AC0E-2A975445086E}.Debug|Any CPU.Build.0 = Debug|Any CPU
		{4227E6F1-9913-4A2A-AC0E-2A975445086E}.Debug|x64.ActiveCfg = Debug|x64
		{4227E6F1-9913-4A2A-AC0E-2A975445086E}.Debug|x64.Build.0 = Debug|x64
		{4227E6F1-9913-4A2A-AC0E-2A975445086E}.Debug|x86.ActiveCfg = Debug|x86
		{4227E6F1-9913-4A2A-AC0E-2A975445086E}.Debug|x86.Build.0 = Debug|x86
		{4227E6F1-9913-4A2A-AC0E-2A975445086E}.Release|Any CPU.ActiveCfg = Release|Any CPU
		{4227E6F1-9913-4A2A-AC0E-2A975445086E}.Release|Any CPU.Build.0 = Release|Any CPU
		{4227E6F1-9913-4A2A-AC0E-2A975445086E}.Release|x64.ActiveCfg = Release|x64
		{4227E6F1-9913-4A2A-AC0E-2A975445086E}.Release|x64.Build.0 = Release|x64
		{4227E6F1-9913-4A2A-AC0E-2A975445086E}.Release|x86.ActiveCfg = Release|x86
		{4227E6F1-9913-4A2A-AC0E-2A975445086E}.Release|x86.Build.0 = Release|x86
		{5D1F334E-943C-4162-845F-81D960056748}.Debug|Any CPU.ActiveCfg = Debug|Any CPU
		{5D1F334E-943C-4162-845F-81D960056748}.Debug|Any CPU.Build.0 = Debug|Any CPU
		{5D1F334E-943C-4162-845F-81D960056748}.Debug|x64.ActiveCfg = Debug|x64
		{5D1F334E-943C-4162-845F-81D960056748}.Debug|x64.Build.0 = Debug|x64
		{5D1F334E-943C-4162-845F-81D960056748}.Debug|x86.ActiveCfg = Debug|x86
		{5D1F334E-943C-4162-845F-81D960056748}.Debug|x86.Build.0 = Debug|x86
		{5D1F334E-943C-4162-845F-81D960056748}.Release|Any CPU.ActiveCfg = Release|Any CPU
		{5D1F334E-943C-4162-845F-81D960056748}.Release|Any CPU.Build.0 = Release|Any CPU
		{5D1F334E-943C-4162-845F-81D960056748}.Release|x64.ActiveCfg = Release|x64
		{5D1F334E-943C-4162-845F-81D960056748}.Release|x64.Build.0 = Release|x64
		{5D1F334E-943C-4162-845F-81D960056748}.Release|x86.ActiveCfg = Release|x86
		{5D1F334E-943C-4162-845F-81D960056748}.Release|x86.Build.0 = Release|x86
	EndGlobalSection
	GlobalSection(NestedProjects) = preSolution
		{115E2983-51A0-4722-BA01-75223ACC33F8} = {61F0A7C3-5DE2-4C07-AF32-C9BAE2560760}
		{272B1BD8-3773-4057-B816-DEFA1E5EEB0D} = {61F0A7C3-5DE2-4C07-AF32-C9BAE2560760}
		{8FAA6DAC-821D-4F18-A90C-4BE64E61E3B9} = {61F0A7C3-5DE2-4C07-AF32-C9BAE2560760}
		{22FCEDE6-6A8C-42BF-8475-9A2087A13B2E} = {61F0A7C3-5DE2-4C07-AF32-C9BAE2560760}
		{9779A47A-8012-48BC-A243-EA67EAD22564} = {E5C501FF-2D6C-4F16-8C68-481B81335AC5}
		{FA3DF435-CD0C-430A-83BC-DA495140A8F6} = {E5C501FF-2D6C-4F16-8C68-481B81335AC5}
		{8C807867-2F10-494D-8564-1C2F91784D3F} = {E5C501FF-2D6C-4F16-8C68-481B81335AC5}
		{176CA734-BEC2-47E2-94A3-C496F340A301} = {E5C501FF-2D6C-4F16-8C68-481B81335AC5}
		{F3EF758B-B52F-49C2-919C-3BEF880B3756} = {E5C501FF-2D6C-4F16-8C68-481B81335AC5}
		{CFB30C9F-ED56-461C-BC66-B177AF421FB5} = {E5C501FF-2D6C-4F16-8C68-481B81335AC5}
		{C21D14D5-FA64-4A22-9A3F-586CAFE254A5} = {E5C501FF-2D6C-4F16-8C68-481B81335AC5}
		{73A7B8A6-394C-43D2-A0B8-7A67546253B3} = {E5C501FF-2D6C-4F16-8C68-481B81335AC5}
		{7B9DFA7F-C927-4C34-BA47-5461508949B8} = {E5C501FF-2D6C-4F16-8C68-481B81335AC5}
		{940184A9-4AC9-4A10-964E-CD71E69F865D} = {E5C501FF-2D6C-4F16-8C68-481B81335AC5}
		{F9AD5A42-6B97-4784-9207-E278AF7535CE} = {E5C501FF-2D6C-4F16-8C68-481B81335AC5}
		{2CF35EC0-54A4-48FD-AF49-46A841EA9F15} = {E5C501FF-2D6C-4F16-8C68-481B81335AC5}
		{3251E09D-4C88-4489-9A0F-2FCE8011820A} = {E5C501FF-2D6C-4F16-8C68-481B81335AC5}
		{4227E6F1-9913-4A2A-AC0E-2A975445086E} = {E5C501FF-2D6C-4F16-8C68-481B81335AC5}
	EndGlobalSection
EndGlobal
